
Microsoft Visual Studio Solution File, Format Version 12.00
# Visual Studio Version 17
VisualStudioVersion = 17.0.31903.59
MinimumVisualStudioVersion = 10.0.40219.1
Project("{2150E333-8FDC-42A3-9474-1A3956D46DE8}") = "src", "src", "{B785954E-08B7-44AD-B662-73A9DEAEE432}"
EndProject
Project("{FAE04EC0-301F-11D3-BF4B-00C04F79EFBC}") = "GuitarStore", "src\GuitarStore\GuitarStore.csproj", "{BE3298D0-0DBE-4FCC-83AE-CF7BBACAE361}"
	ProjectSection(ProjectDependencies) = postProject
		{17BA2BD3-99BC-4D19-BEC6-8BC1B9C4D1F9} = {17BA2BD3-99BC-4D19-BEC6-8BC1B9C4D1F9}
		{561EAF2B-7889-44D0-8B27-198CA80D7950} = {561EAF2B-7889-44D0-8B27-198CA80D7950}
		{61EBE22B-6E4E-47C0-B9C0-4B967ED9485C} = {61EBE22B-6E4E-47C0-B9C0-4B967ED9485C}
		{7BD7F1D4-CD1F-4328-969F-BF8F835D717F} = {7BD7F1D4-CD1F-4328-969F-BF8F835D717F}
		{D1DB1D92-9C56-4310-94D4-39A462B528D7} = {D1DB1D92-9C56-4310-94D4-39A462B528D7}
	EndProjectSection
EndProject
Project("{2150E333-8FDC-42A3-9474-1A3956D46DE8}") = "modules", "modules", "{EEF8C8C5-6EB6-4D94-8370-C390B6C6FC3E}"
EndProject
Project("{2150E333-8FDC-42A3-9474-1A3956D46DE8}") = "Catalog", "Catalog", "{8622F46D-99D6-4E05-B2F8-52312AAF05D1}"
EndProject
Project("{2150E333-8FDC-42A3-9474-1A3956D46DE8}") = "Customers", "Customers", "{B13ECA2B-FA2C-4DD1-8539-9EA66F48F597}"
EndProject
Project("{2150E333-8FDC-42A3-9474-1A3956D46DE8}") = "Identity", "Identity", "{F3777F7F-F342-4F3D-BFBC-04AEE618C263}"
EndProject
Project("{2150E333-8FDC-42A3-9474-1A3956D46DE8}") = "Orders", "Orders", "{374CF510-7F56-4F03-9139-F7E1A69D6BC7}"
EndProject
Project("{2150E333-8FDC-42A3-9474-1A3956D46DE8}") = "ShoppingCart", "ShoppingCart", "{D889A489-C0FC-4791-8443-C73D8F8B0620}"
EndProject
Project("{FAE04EC0-301F-11D3-BF4B-00C04F79EFBC}") = "GuitarStore.Modules.Customers", "src\Modules\Customers\GuitarStore.Modules.Customers\GuitarStore.Modules.Customers.csproj", "{D1DB1D92-9C56-4310-94D4-39A462B528D7}"
EndProject
Project("{FAE04EC0-301F-11D3-BF4B-00C04F79EFBC}") = "GuitarStore.Modules.Identity", "src\Modules\Identity\GuitarStore.Modules.Identity\GuitarStore.Modules.Identity.csproj", "{561EAF2B-7889-44D0-8B27-198CA80D7950}"
EndProject
Project("{FAE04EC0-301F-11D3-BF4B-00C04F79EFBC}") = "GuitarStore.Modules.Ordering", "src\Modules\Orders\GuitarStore.Modules.Orders\GuitarStore.Modules.Orders.csproj", "{17BA2BD3-99BC-4D19-BEC6-8BC1B9C4D1F9}"
EndProject
Project("{FAE04EC0-301F-11D3-BF4B-00C04F79EFBC}") = "GuitarStore.Modules.ShoppingCart", "src\Modules\ShoppingCart\GuitarStore.Modules.ShoppingCart\GuitarStore.Modules.ShoppingCart.csproj", "{7BD7F1D4-CD1F-4328-969F-BF8F835D717F}"
EndProject
Project("{FAE04EC0-301F-11D3-BF4B-00C04F79EFBC}") = "GuitarStore.Modules.Catalog", "src\Modules\Catalog\GuitarStore.Modules.Catalog\GuitarStore.Modules.Catalog.csproj", "{61EBE22B-6E4E-47C0-B9C0-4B967ED9485C}"
EndProject
Project("{2150E333-8FDC-42A3-9474-1A3956D46DE8}") = "building-blocks", "building-blocks", "{1760B388-4031-45BC-85C1-B3F3D850B847}"
EndProject
Project("{2150E333-8FDC-42A3-9474-1A3956D46DE8}") = "api", "api", "{DBC6FECE-3975-4A71-9CD0-B40BEAC8D310}"
EndProject
Project("{FAE04EC0-301F-11D3-BF4B-00C04F79EFBC}") = "GuitarStore.Api", "src\Api\GuitarStore.Api\GuitarStore.Api.csproj", "{54DBE6D6-0DC8-4F4D-AC4E-3884755E9265}"
EndProject
Project("{FAE04EC0-301F-11D3-BF4B-00C04F79EFBC}") = "BuildingBlocks.Web", "src\BuildingBlocks\BuildingBlocks.Web\BuildingBlocks.Web.csproj", "{E9681D58-75F3-4D7A-8E5E-D0340CB6189A}"
EndProject
Project("{FAE04EC0-301F-11D3-BF4B-00C04F79EFBC}") = "BuildingBlocks.Core", "src\BuildingBlocks\BuildingBlocks.Core\BuildingBlocks.Core.csproj", "{D5565191-2AEF-483E-BABA-BDC62BCCF580}"
EndProject
Project("{E53339B2-1760-4266-BCC7-CA923CBCF16C}") = "docker-compose", "docker-compose.dcproj", "{BBE8AF5B-B792-4DD6-91C3-BCA373B5218A}"
EndProject
Global
	GlobalSection(SolutionConfigurationPlatforms) = preSolution
		Debug|Any CPU = Debug|Any CPU
		Release|Any CPU = Release|Any CPU
	EndGlobalSection
	GlobalSection(ProjectConfigurationPlatforms) = postSolution
		{BE3298D0-0DBE-4FCC-83AE-CF7BBACAE361}.Debug|Any CPU.ActiveCfg = Debug|Any CPU
		{BE3298D0-0DBE-4FCC-83AE-CF7BBACAE361}.Release|Any CPU.ActiveCfg = Release|Any CPU
		{BE3298D0-0DBE-4FCC-83AE-CF7BBACAE361}.Release|Any CPU.Build.0 = Release|Any CPU
		{D1DB1D92-9C56-4310-94D4-39A462B528D7}.Debug|Any CPU.ActiveCfg = Debug|Any CPU
		{D1DB1D92-9C56-4310-94D4-39A462B528D7}.Debug|Any CPU.Build.0 = Debug|Any CPU
		{D1DB1D92-9C56-4310-94D4-39A462B528D7}.Release|Any CPU.ActiveCfg = Release|Any CPU
		{D1DB1D92-9C56-4310-94D4-39A462B528D7}.Release|Any CPU.Build.0 = Release|Any CPU
		{561EAF2B-7889-44D0-8B27-198CA80D7950}.Debug|Any CPU.ActiveCfg = Debug|Any CPU
		{561EAF2B-7889-44D0-8B27-198CA80D7950}.Debug|Any CPU.Build.0 = Debug|Any CPU
		{561EAF2B-7889-44D0-8B27-198CA80D7950}.Release|Any CPU.ActiveCfg = Release|Any CPU
		{561EAF2B-7889-44D0-8B27-198CA80D7950}.Release|Any CPU.Build.0 = Release|Any CPU
		{17BA2BD3-99BC-4D19-BEC6-8BC1B9C4D1F9}.Debug|Any CPU.ActiveCfg = Debug|Any CPU
		{17BA2BD3-99BC-4D19-BEC6-8BC1B9C4D1F9}.Debug|Any CPU.Build.0 = Debug|Any CPU
		{17BA2BD3-99BC-4D19-BEC6-8BC1B9C4D1F9}.Release|Any CPU.ActiveCfg = Release|Any CPU
		{17BA2BD3-99BC-4D19-BEC6-8BC1B9C4D1F9}.Release|Any CPU.Build.0 = Release|Any CPU
		{7BD7F1D4-CD1F-4328-969F-BF8F835D717F}.Debug|Any CPU.ActiveCfg = Debug|Any CPU
		{7BD7F1D4-CD1F-4328-969F-BF8F835D717F}.Debug|Any CPU.Build.0 = Debug|Any CPU
		{7BD7F1D4-CD1F-4328-969F-BF8F835D717F}.Release|Any CPU.ActiveCfg = Release|Any CPU
		{7BD7F1D4-CD1F-4328-969F-BF8F835D717F}.Release|Any CPU.Build.0 = Release|Any CPU
		{61EBE22B-6E4E-47C0-B9C0-4B967ED9485C}.Debug|Any CPU.ActiveCfg = Debug|Any CPU
		{61EBE22B-6E4E-47C0-B9C0-4B967ED9485C}.Debug|Any CPU.Build.0 = Debug|Any CPU
		{61EBE22B-6E4E-47C0-B9C0-4B967ED9485C}.Release|Any CPU.ActiveCfg = Release|Any CPU
		{61EBE22B-6E4E-47C0-B9C0-4B967ED9485C}.Release|Any CPU.Build.0 = Release|Any CPU
		{54DBE6D6-0DC8-4F4D-AC4E-3884755E9265}.Debug|Any CPU.ActiveCfg = Debug|Any CPU
		{54DBE6D6-0DC8-4F4D-AC4E-3884755E9265}.Debug|Any CPU.Build.0 = Debug|Any CPU
		{54DBE6D6-0DC8-4F4D-AC4E-3884755E9265}.Release|Any CPU.ActiveCfg = Release|Any CPU
		{54DBE6D6-0DC8-4F4D-AC4E-3884755E9265}.Release|Any CPU.Build.0 = Release|Any CPU
		{E9681D58-75F3-4D7A-8E5E-D0340CB6189A}.Debug|Any CPU.ActiveCfg = Debug|Any CPU
		{E9681D58-75F3-4D7A-8E5E-D0340CB6189A}.Debug|Any CPU.Build.0 = Debug|Any CPU
		{E9681D58-75F3-4D7A-8E5E-D0340CB6189A}.Release|Any CPU.ActiveCfg = Release|Any CPU
		{E9681D58-75F3-4D7A-8E5E-D0340CB6189A}.Release|Any CPU.Build.0 = Release|Any CPU
		{D5565191-2AEF-483E-BABA-BDC62BCCF580}.Debug|Any CPU.ActiveCfg = Debug|Any CPU
		{D5565191-2AEF-483E-BABA-BDC62BCCF580}.Debug|Any CPU.Build.0 = Debug|Any CPU
		{D5565191-2AEF-483E-BABA-BDC62BCCF580}.Release|Any CPU.ActiveCfg = Release|Any CPU
		{D5565191-2AEF-483E-BABA-BDC62BCCF580}.Release|Any CPU.Build.0 = Release|Any CPU
		{BBE8AF5B-B792-4DD6-91C3-BCA373B5218A}.Debug|Any CPU.ActiveCfg = Debug|Any CPU
		{BBE8AF5B-B792-4DD6-91C3-BCA373B5218A}.Debug|Any CPU.Build.0 = Debug|Any CPU
		{BBE8AF5B-B792-4DD6-91C3-BCA373B5218A}.Release|Any CPU.ActiveCfg = Release|Any CPU
		{BBE8AF5B-B792-4DD6-91C3-BCA373B5218A}.Release|Any CPU.Build.0 = Release|Any CPU
		{654EE006-50BA-44B3-9E62-FD75F4C0C0DA}.Debug|Any CPU.ActiveCfg = Debug|Any CPU
		{654EE006-50BA-44B3-9E62-FD75F4C0C0DA}.Debug|Any CPU.Build.0 = Debug|Any CPU
		{654EE006-50BA-44B3-9E62-FD75F4C0C0DA}.Release|Any CPU.ActiveCfg = Release|Any CPU
		{654EE006-50BA-44B3-9E62-FD75F4C0C0DA}.Release|Any CPU.Build.0 = Release|Any CPU
	EndGlobalSection
	GlobalSection(SolutionProperties) = preSolution
		HideSolutionNode = FALSE
	EndGlobalSection
	GlobalSection(NestedProjects) = preSolution
		{BE3298D0-0DBE-4FCC-83AE-CF7BBACAE361} = {B785954E-08B7-44AD-B662-73A9DEAEE432}
		{EEF8C8C5-6EB6-4D94-8370-C390B6C6FC3E} = {B785954E-08B7-44AD-B662-73A9DEAEE432}
		{B13ECA2B-FA2C-4DD1-8539-9EA66F48F597} = {EEF8C8C5-6EB6-4D94-8370-C390B6C6FC3E}
		{F3777F7F-F342-4F3D-BFBC-04AEE618C263} = {EEF8C8C5-6EB6-4D94-8370-C390B6C6FC3E}
		{374CF510-7F56-4F03-9139-F7E1A69D6BC7} = {EEF8C8C5-6EB6-4D94-8370-C390B6C6FC3E}
		{D1DB1D92-9C56-4310-94D4-39A462B528D7} = {B13ECA2B-FA2C-4DD1-8539-9EA66F48F597}
		{561EAF2B-7889-44D0-8B27-198CA80D7950} = {F3777F7F-F342-4F3D-BFBC-04AEE618C263}
		{17BA2BD3-99BC-4D19-BEC6-8BC1B9C4D1F9} = {374CF510-7F56-4F03-9139-F7E1A69D6BC7}
		{8622F46D-99D6-4E05-B2F8-52312AAF05D1} = {EEF8C8C5-6EB6-4D94-8370-C390B6C6FC3E}
		{61EBE22B-6E4E-47C0-B9C0-4B967ED9485C} = {8622F46D-99D6-4E05-B2F8-52312AAF05D1}
		{1760B388-4031-45BC-85C1-B3F3D850B847} = {B785954E-08B7-44AD-B662-73A9DEAEE432}
		{DBC6FECE-3975-4A71-9CD0-B40BEAC8D310} = {B785954E-08B7-44AD-B662-73A9DEAEE432}
		{54DBE6D6-0DC8-4F4D-AC4E-3884755E9265} = {DBC6FECE-3975-4A71-9CD0-B40BEAC8D310}
		{E9681D58-75F3-4D7A-8E5E-D0340CB6189A} = {1760B388-4031-45BC-85C1-B3F3D850B847}
		{D5565191-2AEF-483E-BABA-BDC62BCCF580} = {1760B388-4031-45BC-85C1-B3F3D850B847}
		{D889A489-C0FC-4791-8443-C73D8F8B0620} = {EEF8C8C5-6EB6-4D94-8370-C390B6C6FC3E}
		{7BD7F1D4-CD1F-4328-969F-BF8F835D717F} = {D889A489-C0FC-4791-8443-C73D8F8B0620}
	EndGlobalSection
EndGlobal
